// !$*UTF8*$!
{
	archiveVersion = 1;
	classes = {
	};
	objectVersion = 77;
	objects = {

/* Begin PBXContainerItemProxy section */
		8B15BE672F9F323E00249A0E /* PBXContainerItemProxy */ = {
			isa = PBXContainerItemProxy;
			containerPortal = 8B15BE512F9F323C00249A0E /* Project object */;
			proxyType = 1;
			remoteGlobalIDString = 8B15BE582F9F323C00249A0E;
			remoteInfo = ohBangs;
		};
		8B15BE712F9F323E00249A0E /* PBXContainerItemProxy */ = {
			isa = PBXContainerItemProxy;
			containerPortal = 8B15BE512F9F323C00249A0E /* Project object */;
			proxyType = 1;
			remoteGlobalIDString = 8B15BE582F9F323C00249A0E;
			remoteInfo = ohBangs;
		};
/* End PBXContainerItemProxy section */

/* Begin PBXFileReference section */
		8B15BE592F9F323C00249A0E /* ohBangs.app */ = {isa = PBXFileReference; explicitFileType = wrapper.application; includeInIndex = 0; path = ohBangs.app; sourceTree = BUILT_PRODUCTS_DIR; };
		8B15BE662F9F323E00249A0E /* ohBangsTests.xctest */ = {isa = PBXFileReference; explicitFileType = wrapper.cfbundle; includeInIndex = 0; path = ohBangsTests.xctest; sourceTree = BUILT_PRODUCTS_DIR; };
		8B15BE702F9F323E00249A0E /* ohBangsUITests.xctest */ = {isa = PBXFileReference; explicitFileType = wrapper.cfbundle; includeInIndex = 0; path = ohBangsUITests.xctest; sourceTree = BUILT_PRODUCTS_DIR; };
/* End PBXFileReference section */

/* Begin PBXFileSystemSynchronizedBuildFileExceptionSet section */
		9082F018C3C34266A589F7B2 /* Exceptions for "ohBangs" folder in "ohBangs" target */ = {
			isa = PBXFileSystemSynchronizedBuildFileExceptionSet;
			membershipExceptions = (
				Info.plist,
			);
			target = 8B15BE582F9F323C00249A0E /* ohBangs */;
		};
/* End PBXFileSystemSynchronizedBuildFileExceptionSet section */

/* Begin PBXFileSystemSynchronizedRootGroup section */
		8B15BE5B2F9F323C00249A0E /* ohBangs */ = {
			isa = PBXFileSystemSynchronizedRootGroup;
			exceptions = (
				9082F018C3C34266A589F7B2 /* Exceptions for "ohBangs" folder in "ohBangs" target */,
			);
			path = ohBangs;
			sourceTree = "<group>";
		};
		8B15BE692F9F323E00249A0E /* ohBangsTests */ = {
			isa = PBXFileSystemSynchronizedRootGroup;
			path = ohBangsTests;
			sourceTree = "<group>";
		};
		8B15BE732F9F323E00249A0E /* ohBangsUITests */ = {
			isa = PBXFileSystemSynchronizedRootGroup;
			path = ohBangsUITests;
			sourceTree = "<group>";
		};
/* End PBXFileSystemSynchronizedRootGroup section */

/* Begin PBXFrameworksBuildPhase section */
		8B15BE562F9F323C00249A0E /* Frameworks */ = {
			isa = PBXFrameworksBuildPhase;
			buildActionMask = 2147483647;
			files = (
			);
			runOnlyForDeploymentPostprocessing = 0;
		};
		8B15BE632F9F323E00249A0E /* Frameworks */ = {
			isa = PBXFrameworksBuildPhase;
			buildActionMask = 2147483647;
			files = (
			);
			runOnlyForDeploymentPostprocessing = 0;
		};
		8B15BE6D2F9F323E00249A0E /* Frameworks */ = {
			isa = PBXFrameworksBuildPhase;
			buildActionMask = 2147483647;
			files = (
			);
			runOnlyForDeploymentPostprocessing = 0;
		};
/* End PBXFrameworksBuildPhase section */

/* Begin PBXGroup section */
		8B15BE502F9F323C00249A0E = {
			isa = PBXGroup;
			children = (
				8B15BE5B2F9F323C00249A0E /* ohBangs */,
				8B15BE692F9F323E00249A0E /* ohBangsTests */,
				8B15BE732F9F323E00249A0E /* ohBangsUITests */,
				8B15BE5A2F9F323C00249A0E /* Products */,
			);
			sourceTree = "<group>";
		};
		8B15BE5A2F9F323C00249A0E /* Products */ = {
			isa = PBXGroup;
			children = (
				8B15BE592F9F323C00249A0E /* ohBangs.app */,
				8B15BE662F9F323E00249A0E /* ohBangsTests.xctest */,
				8B15BE702F9F323E00249A0E /* ohBangsUITests.xctest */,
			);
			name = Products;
			sourceTree = "<group>";
		};
/* End PBXGroup section */

/* Begin PBXNativeTarget section */
		8B15BE582F9F323C00249A0E /* ohBangs */ = {
			isa = PBXNativeTarget;
			buildConfigurationList = 8B15BE7A2F9F323E00249A0E /* Build configuration list for PBXNativeTarget "ohBangs" */;
			buildPhases = (
				8B15BE552F9F323C00249A0E /* Sources */,
				8B15BE562F9F323C00249A0E /* Frameworks */,
				8B15BE572F9F323C00249A0E /* Resources */,
			);
			buildRules = (
			);
			dependencies = (
			);
			fileSystemSynchronizedGroups = (
				8B15BE5B2F9F323C00249A0E /* ohBangs */,
			);
			name = ohBangs;
			packageProductDependencies = (
			);
			productName = ohBangs;
			productReference = 8B15BE592F9F323C00249A0E /* ohBangs.app */;
			productType = "com.apple.product-type.application";
		};
		8B15BE652F9F323E00249A0E /* ohBangsTests */ = {
			isa = PBXNativeTarget;
			buildConfigurationList = 8B15BE7D2F9F323E00249A0E /* Build configuration list for PBXNativeTarget "ohBangsTests" */;
			buildPhases = (
				8B15BE622F9F323E00249A0E /* Sources */,
				8B15BE632F9F323E00249A0E /* Frameworks */,
				8B15BE642F9F323E00249A0E /* Resources */,
			);
			buildRules = (
			);
			dependencies = (
				8B15BE682F9F323E00249A0E /* PBXTargetDependency */,
			);
			fileSystemSynchronizedGroups = (
				8B15BE692F9F323E00249A0E /* ohBangsTests */,
			);
			name = ohBangsTests;
			packageProductDependencies = (
			);
			productName = ohBangsTests;
			productReference = 8B15BE662F9F323E00249A0E /* ohBangsTests.xctest */;
			productType = "com.apple.product-type.bundle.unit-test";
		};
		8B15BE6F2F9F323E00249A0E /* ohBangsUITests */ = {
			isa = PBXNativeTarget;
			buildConfigurationList = 8B15BE802F9F323E00249A0E /* Build configuration list for PBXNativeTarget "ohBangsUITests" */;
			buildPhases = (
				8B15BE6C2F9F323E00249A0E /* Sources */,
				8B15BE6D2F9F323E00249A0E /* Frameworks */,
				8B15BE6E2F9F323E00249A0E /* Resources */,
			);
			buildRules = (
			);
			dependencies = (
				8B15BE722F9F323E00249A0E /* PBXTargetDependency */,
			);
			fileSystemSynchronizedGroups = (
				8B15BE732F9F323E00249A0E /* ohBangsUITests */,
			);
			name = ohBangsUITests;
			packageProductDependencies = (
			);
			productName = ohBangsUITests;
			productReference = 8B15BE702F9F323E00249A0E /* ohBangsUITests.xctest */;
			productType = "com.apple.product-type.bundle.ui-testing";
		};
/* End PBXNativeTarget section */

/* Begin PBXProject section */
		8B15BE512F9F323C00249A0E /* Project object */ = {
			isa = PBXProject;
			attributes = {
				BuildIndependentTargetsInParallel = 1;
				LastSwiftUpdateCheck = 2640;
				LastUpgradeCheck = 2640;
				TargetAttributes = {
					8B15BE582F9F323C00249A0E = {
						CreatedOnToolsVersion = 26.4.1;
					};
					8B15BE652F9F323E00249A0E = {
						CreatedOnToolsVersion = 26.4.1;
						TestTargetID = 8B15BE582F9F323C00249A0E;
					};
					8B15BE6F2F9F323E00249A0E = {
						CreatedOnToolsVersion = 26.4.1;
						TestTargetID = 8B15BE582F9F323C00249A0E;
					};
				};
			};
			buildConfigurationList = 8B15BE542F9F323C00249A0E /* Build configuration list for PBXProject "ohBangs" */;
			developmentRegion = en;
			hasScannedForEncodings = 0;
			knownRegions = (
				en,
				Base,
			);
			mainGroup = 8B15BE502F9F323C00249A0E;
			minimizedProjectReferenceProxies = 1;
			preferredProjectObjectVersion = 77;
			productRefGroup = 8B15BE5A2F9F323C00249A0E /* Products */;
			projectDirPath = "";
			projectRoot = "";
			targets = (
				8B15BE582F9F323C00249A0E /* ohBangs */,
				8B15BE652F9F323E00249A0E /* ohBangsTests */,
				8B15BE6F2F9F323E00249A0E /* ohBangsUITests */,
			);
		};
/* End PBXProject section */

/* Begin PBXResourcesBuildPhase section */
		8B15BE572F9F323C00249A0E /* Resources */ = {
			isa = PBXResourcesBuildPhase;
			buildActionMask = 2147483647;
			files = (
			);
			runOnlyForDeploymentPostprocessing = 0;
		};
		8B15BE642F9F323E00249A0E /* Resources */ = {
			isa = PBXResourcesBuildPhase;
			buildActionMask = 2147483647;
			files = (
			);
			runOnlyForDeploymentPostprocessing = 0;
		};
		8B15BE6E2F9F323E00249A0E /* Resources */ = {
			isa = PBXResourcesBuildPhase;
			buildActionMask = 2147483647;
			files = (
			);
			runOnlyForDeploymentPostprocessing = 0;
		};
/* End PBXResourcesBuildPhase section */

/* Begin PBXSourcesBuildPhase section */
		8B15BE552F9F323C00249A0E /* Sources */ = {
			isa = PBXSourcesBuildPhase;
			buildActionMask = 2147483647;
			files = (
			);
			runOnlyForDeploymentPostprocessing = 0;
		};
		8B15BE622F9F323E00249A0E /* Sources */ = {
			isa = PBXSourcesBuildPhase;
			buildActionMask = 2147483647;
			files = (
			);
			runOnlyForDeploymentPostprocessing = 0;
		};
		8B15BE6C2F9F323E00249A0E /* Sources */ = {
			isa = PBXSourcesBuildPhase;
			buildActionMask = 2147483647;
			files = (
			);
			runOnlyForDeploymentPostprocessing = 0;
		};
/* End PBXSourcesBuildPhase section */

/* Begin PBXTargetDependency section */
		8B15BE682F9F323E00249A0E /* PBXTargetDependency */ = {
			isa = PBXTargetDependency;
			target = 8B15BE582F9F323C00249A0E /* ohBangs */;
			targetProxy = 8B15BE672F9F323E00249A0E /* PBXContainerItemProxy */;
		};
		8B15BE722F9F323E00249A0E /* PBXTargetDependency */ = {
			isa = PBXTargetDependency;
			target = 8B15BE582F9F323C00249A0E /* ohBangs */;
			targetProxy = 8B15BE712F9F323E00249A0E /* PBXContainerItemProxy */;
		};
/* End PBXTargetDependency section */

/* Begin XCBuildConfiguration section */
		8B15BE782F9F323E00249A0E /* Debug */ = {
			isa = XCBuildConfiguration;
			buildSettings = {
				ALWAYS_SEARCH_USER_PATHS = NO;
				ASSETCATALOG_COMPILER_GENERATE_SWIFT_ASSET_SYMBOL_EXTENSIONS = YES;
				CLANG_ANALYZER_NONNULL = YES;
				CLANG_ANALYZER_NUMBER_OBJECT_CONVERSION = YES_AGGRESSIVE;
				CLANG_CXX_LANGUAGE_STANDARD = "gnu++20";
				CLANG_ENABLE_MODULES = YES;
				CLANG_ENABLE_OBJC_ARC = YES;
				CLANG_ENABLE_OBJC_WEAK = YES;
				CLANG_WARN_BLOCK_CAPTURE_AUTORELEASING = YES;
				CLANG_WARN_BOOL_CONVERSION = YES;
				CLANG_WARN_COMMA = YES;
				CLANG_WARN_CONSTANT_CONVERSION = YES;
				CLANG_WARN_DEPRECATED_OBJC_IMPLEMENTATIONS = YES;
				CLANG_WARN_DIRECT_OBJC_ISA_USAGE = YES_ERROR;
				CLANG_WARN_DOCUMENTATION_COMMENTS = YES;
				CLANG_WARN_EMPTY_BODY = YES;
				CLANG_WARN_ENUM_CONVERSION = YES;
				CLANG_WARN_INFINITE_RECURSION = YES;
				CLANG_WARN_INT_CONVERSION = YES;
				CLANG_WARN_NON_LITERAL_NULL_CONVERSION = YES;
				CLANG_WARN_OBJC_IMPLICIT_RETAIN_SELF = YES;
				CLANG_WARN_OBJC_LITERAL_CONVERSION = YES;
				CLANG_WARN_OBJC_ROOT_CLASS = YES_ERROR;
				CLANG_WARN_QUOTED_INCLUDE_IN_FRAMEWORK_HEADER = YES;
				CLANG_WARN_RANGE_LOOP_ANALYSIS = YES;
				CLANG_WARN_STRICT_PROTOTYPES = YES;
				CLANG_WARN_SUSPICIOUS_MOVE = YES;
				CLANG_WARN_UNGUARDED_AVAILABILITY = YES_AGGRESSIVE;
				CLANG_WARN_UNREACHABLE_CODE = YES;
				CLANG_WARN__DUPLICATE_METHOD_MATCH = YES;
				COPY_PHASE_STRIP = NO;
				DEBUG_INFORMATION_FORMAT = dwarf;
				ENABLE_STRICT_OBJC_MSGSEND = YES;
				ENABLE_TESTABILITY = YES;
				ENABLE_USER_SCRIPT_SANDBOXING = YES;
				GCC_C_LANGUAGE_STANDARD = gnu17;
				GCC_DYNAMIC_NO_PIC = NO;
				GCC_NO_COMMON_BLOCKS = YES;
				GCC_OPTIMIZATION_LEVEL = 0;
				GCC_PREPROCESSOR_DEFINITIONS = (
					"DEBUG=1",
					"$(inherited)",
				);
				GCC_WARN_64_TO_32_BIT_CONVERSION = YES;
				GCC_WARN_ABOUT_RETURN_TYPE = YES_ERROR;
				GCC_WARN_UNDECLARED_SELECTOR = YES;
				GCC_WARN_UNINITIALIZED_AUTOS = YES_AGGRESSIVE;
				GCC_WARN_UNUSED_FUNCTION = YES;
				GCC_WARN_UNUSED_VARIABLE = YES;
				LOCALIZATION_PREFERS_STRING_CATALOGS = YES;
				MACOSX_DEPLOYMENT_TARGET = 26.4;
				MTL_ENABLE_DEBUG_INFO = INCLUDE_SOURCE;
				MTL_FAST_MATH = YES;
				ONLY_ACTIVE_ARCH = YES;
				SDKROOT = macosx;
				SWIFT_ACTIVE_COMPILATION_CONDITIONS = "DEBUG $(inherited)";
				SWIFT_OPTIMIZATION_LEVEL = "-Onone";
			};
			name = Debug;
		};
		8B15BE792F9F323E00249A0E /* Release */ = {
			isa = XCBuildConfiguration;
			buildSettings = {
				ALWAYS_SEARCH_USER_PATHS = NO;
				ASSETCATALOG_COMPILER_GENERATE_SWIFT_ASSET_SYMBOL_EXTENSIONS = YES;
				CLANG_ANALYZER_NONNULL = YES;
				CLANG_ANALYZER_NUMBER_OBJECT_CONVERSION = YES_AGGRESSIVE;
				CLANG_CXX_LANGUAGE_STANDARD = "gnu++20";
				CLANG_ENABLE_MODULES = YES;
				CLANG_ENABLE_OBJC_ARC = YES;
				CLANG_ENABLE_OBJC_WEAK = YES;
				CLANG_WARN_BLOCK_CAPTURE_AUTORELEASING = YES;
				CLANG_WARN_BOOL_CONVERSION = YES;
				CLANG_WARN_COMMA = YES;
				CLANG_WARN_CONSTANT_CONVERSION = YES;
				CLANG_WARN_DEPRECATED_OBJC_IMPLEMENTATIONS = YES;
				CLANG_WARN_DIRECT_OBJC_ISA_USAGE = YES_ERROR;
				CLANG_WARN_DOCUMENTATION_COMMENTS = YES;
				CLANG_WARN_EMPTY_BODY = YES;
				CLANG_WARN_ENUM_CONVERSION = YES;
				CLANG_WARN_INFINITE_RECURSION = YES;
				CLANG_WARN_INT_CONVERSION = YES;
				CLANG_WARN_NON_LITERAL_NULL_CONVERSION = YES;
				CLANG_WARN_OBJC_IMPLICIT_RETAIN_SELF = YES;
				CLANG_WARN_OBJC_LITERAL_CONVERSION = YES;
				CLANG_WARN_OBJC_ROOT_CLASS = YES_ERROR;
				CLANG_WARN_QUOTED_INCLUDE_IN_FRAMEWORK_HEADER = YES;
				CLANG_WARN_RANGE_LOOP_ANALYSIS = YES;
				CLANG_WARN_STRICT_PROTOTYPES = YES;
				CLANG_WARN_SUSPICIOUS_MOVE = YES;
				CLANG_WARN_UNGUARDED_AVAILABILITY = YES_AGGRESSIVE;
				CLANG_WARN_UNREACHABLE_CODE = YES;
				CLANG_WARN__DUPLICATE_METHOD_MATCH = YES;
				COPY_PHASE_STRIP = NO;
				DEBUG_INFORMATION_FORMAT = "dwarf-with-dsym";
				ENABLE_NS_ASSERTIONS = NO;
				ENABLE_STRICT_OBJC_MSGSEND = YES;
				ENABLE_USER_SCRIPT_SANDBOXING = YES;
				GCC_C_LANGUAGE_STANDARD = gnu17;
				GCC_NO_COMMON_BLOCKS = YES;
				GCC_WARN_64_TO_32_BIT_CONVERSION = YES;
				GCC_WARN_ABOUT_RETURN_TYPE = YES_ERROR;
				GCC_WARN_UNDECLARED_SELECTOR = YES;
				GCC_WARN_UNINITIALIZED_AUTOS = YES_AGGRESSIVE;
				GCC_WARN_UNUSED_FUNCTION = YES;
				GCC_WARN_UNUSED_VARIABLE = YES;
				LOCALIZATION_PREFERS_STRING_CATALOGS = YES;
				MACOSX_DEPLOYMENT_TARGET = 26.4;
				MTL_ENABLE_DEBUG_INFO = NO;
				MTL_FAST_MATH = YES;
				SDKROOT = macosx;
				SWIFT_COMPILATION_MODE = wholemodule;
			};
			name = Release;
		};
		8B15BE7B2F9F323E00249A0E /* Debug */ = {
			isa = XCBuildConfiguration;
			buildSettings = {
				ASSETCATALOG_COMPILER_GLOBAL_ACCENT_COLOR_NAME = AccentColor;
				CODE_SIGN_ENTITLEMENTS = ohBangs/ohBangs.entitlements;
				CODE_SIGN_STYLE = Automatic;
				COMBINE_HIDPI_IMAGES = YES;
				CURRENT_PROJECT_VERSION = 1;
				ENABLE_APP_SANDBOX = YES;
				ENABLE_PREVIEWS = YES;
				ENABLE_USER_SELECTED_FILES = readonly;
				GENERATE_INFOPLIST_FILE = NO;
				INFOPLIST_FILE = ohBangs/Info.plist;
				LD_RUNPATH_SEARCH_PATHS = (
					"$(inherited)",
					"@executable_path/../Frameworks",
				);
				MARKETING_VERSION = 1.0;
				PRODUCT_BUNDLE_IDENTIFIER = com.sobigrice.ohBangs;
				PRODUCT_NAME = "$(TARGET_NAME)";
				REGISTER_APP_GROUPS = YES;
				STRING_CATALOG_GENERATE_SYMBOLS = YES;
				SWIFT_APPROACHABLE_CONCURRENCY = YES;
				SWIFT_DEFAULT_ACTOR_ISOLATION = MainActor;
				SWIFT_EMIT_LOC_STRINGS = YES;
				SWIFT_UPCOMING_FEATURE_MEMBER_IMPORT_VISIBILITY = YES;
				SWIFT_VERSION = 5.0;
			};
			name = Debug;
		};
		8B15BE7C2F9F323E00249A0E /* Release */ = {
			isa = XCBuildConfiguration;
			buildSettings = {
				ASSETCATALOG_COMPILER_GLOBAL_ACCENT_COLOR_NAME = AccentColor;
				CODE_SIGN_ENTITLEMENTS = ohBangs/ohBangs.entitlements;
				CODE_SIGN_STYLE = Automatic;
				COMBINE_HIDPI_IMAGES = YES;
				CURRENT_PROJECT_VERSION = 1;
				ENABLE_APP_SANDBOX = YES;
				ENABLE_PREVIEWS = YES;
				ENABLE_USER_SELECTED_FILES = readonly;
				GENERATE_INFOPLIST_FILE = NO;
				INFOPLIST_FILE = ohBangs/Info.plist;
				LD_RUNPATH_SEARCH_PATHS = (
					"$(inherited)",
					"@executable_path/../Frameworks",
				);
				MARKETING_VERSION = 1.0;
				PRODUCT_BUNDLE_IDENTIFIER = com.sobigrice.ohBangs;
				PRODUCT_NAME = "$(TARGET_NAME)";
				REGISTER_APP_GROUPS = YES;
				STRING_CATALOG_GENERATE_SYMBOLS = YES;
				SWIFT_APPROACHABLE_CONCURRENCY = YES;
				SWIFT_DEFAULT_ACTOR_ISOLATION = MainActor;
				SWIFT_EMIT_LOC_STRINGS = YES;
				SWIFT_UPCOMING_FEATURE_MEMBER_IMPORT_VISIBILITY = YES;
				SWIFT_VERSION = 5.0;
			};
			name = Release;
		};
		8B15BE7E2F9F323E00249A0E /* Debug */ = {
			isa = XCBuildConfiguration;
			buildSettings = {
				BUNDLE_LOADER = "$(TEST_HOST)";
				CODE_SIGN_STYLE = Automatic;
				CURRENT_PROJECT_VERSION = 1;
				GENERATE_INFOPLIST_FILE = YES;
				MACOSX_DEPLOYMENT_TARGET = 26.4;
				MARKETING_VERSION = 1.0;
				PRODUCT_BUNDLE_IDENTIFIER = com.sobigrice.ohBangsTests;
				PRODUCT_NAME = "$(TARGET_NAME)";
				STRING_CATALOG_GENERATE_SYMBOLS = NO;
				SWIFT_APPROACHABLE_CONCURRENCY = YES;
				SWIFT_EMIT_LOC_STRINGS = NO;
				SWIFT_UPCOMING_FEATURE_MEMBER_IMPORT_VISIBILITY = YES;
				SWIFT_VERSION = 5.0;
				TEST_HOST = "$(BUILT_PRODUCTS_DIR)/ohBangs.app/$(BUNDLE_EXECUTABLE_FOLDER_PATH)/ohBangs";
			};
			name = Debug;
		};
		8B15BE7F2F9F323E00249A0E /* Release */ = {
			isa = XCBuildConfiguration;
			buildSettings = {
				BUNDLE_LOADER = "$(TEST_HOST)";
				CODE_SIGN_STYLE = Automatic;
				CURRENT_PROJECT_VERSION = 1;
				GENERATE_INFOPLIST_FILE = YES;
				MACOSX_DEPLOYMENT_TARGET = 26.4;
				MARKETING_VERSION = 1.0;
				PRODUCT_BUNDLE_IDENTIFIER = com.sobigrice.ohBangsTests;
				PRODUCT_NAME = "$(TARGET_NAME)";
				STRING_CATALOG_GENERATE_SYMBOLS = NO;
				SWIFT_APPROACHABLE_CONCURRENCY = YES;
				SWIFT_EMIT_LOC_STRINGS = NO;
				SWIFT_UPCOMING_FEATURE_MEMBER_IMPORT_VISIBILITY = YES;
				SWIFT_VERSION = 5.0;
				TEST_HOST = "$(BUILT_PRODUCTS_DIR)/ohBangs.app/$(BUNDLE_EXECUTABLE_FOLDER_PATH)/ohBangs";
			};
			name = Release;
		};
		8B15BE812F9F323E00249A0E /* Debug */ = {
			isa = XCBuildConfiguration;
			buildSettings = {
				CODE_SIGN_STYLE = Automatic;
				CURRENT_PROJECT_VERSION = 1;
				GENERATE_INFOPLIST_FILE = YES;
				MARKETING_VERSION = 1.0;
				PRODUCT_BUNDLE_IDENTIFIER = com.sobigrice.ohBangsUITests;
				PRODUCT_NAME = "$(TARGET_NAME)";
				STRING_CATALOG_GENERATE_SYMBOLS = NO;
				SWIFT_APPROACHABLE_CONCURRENCY = YES;
				SWIFT_EMIT_LOC_STRINGS = NO;
				SWIFT_UPCOMING_FEATURE_MEMBER_IMPORT_VISIBILITY = YES;
				SWIFT_VERSION = 5.0;
				TEST_TARGET_NAME = ohBangs;
			};
			name = Debug;
		};
		8B15BE822F9F323E00249A0E /* Release */ = {
			isa = XCBuildConfiguration;
			buildSettings = {
				CODE_SIGN_STYLE = Automatic;
				CURRENT_PROJECT_VERSION = 1;
				GENERATE_INFOPLIST_FILE = YES;
				MARKETING_VERSION = 1.0;
				PRODUCT_BUNDLE_IDENTIFIER = com.sobigrice.ohBangsUITests;
				PRODUCT_NAME = "$(TARGET_NAME)";
				STRING_CATALOG_GENERATE_SYMBOLS = NO;
				SWIFT_APPROACHABLE_CONCURRENCY = YES;
				SWIFT_EMIT_LOC_STRINGS = NO;
				SWIFT_UPCOMING_FEATURE_MEMBER_IMPORT_VISIBILITY = YES;
				SWIFT_VERSION = 5.0;
				TEST_TARGET_NAME = ohBangs;
			};
			name = Release;
		};
/* End XCBuildConfiguration section */

/* Begin XCConfigurationList section */
		8B15BE542F9F323C00249A0E /* Build configuration list for PBXProject "ohBangs" */ = {
			isa = XCConfigurationList;
			buildConfigurations = (
				8B15BE782F9F323E00249A0E /* Debug */,
				8B15BE792F9F323E00249A0E /* Release */,
			);
			defaultConfigurationIsVisible = 0;
			defaultConfigurationName = Release;
		};
		8B15BE7A2F9F323E00249A0E /* Build configuration list for PBXNativeTarget "ohBangs" */ = {
			isa = XCConfigurationList;
			buildConfigurations = (
				8B15BE7B2F9F323E00249A0E /* Debug */,
				8B15BE7C2F9F323E00249A0E /* Release */,
			);
			defaultConfigurationIsVisible = 0;
			defaultConfigurationName = Release;
		};
		8B15BE7D2F9F323E00249A0E /* Build configuration list for PBXNativeTarget "ohBangsTests" */ = {
			isa = XCConfigurationList;
			buildConfigurations = (
				8B15BE7E2F9F323E00249A0E /* Debug */,
				8B15BE7F2F9F323E00249A0E /* Release */,
			);
			defaultConfigurationIsVisible = 0;
			defaultConfigurationName = Release;
		};
		8B15BE802F9F323E00249A0E /* Build configuration list for PBXNativeTarget "ohBangsUITests" */ = {
			isa = XCConfigurationList;
			buildConfigurations = (
				8B15BE812F9F323E00249A0E /* Debug */,
				8B15BE822F9F323E00249A0E /* Release */,
			);
			defaultConfigurationIsVisible = 0;
			defaultConfigurationName = Release;
		};
/* End XCConfigurationList section */
	};
	rootObject = 8B15BE512F9F323C00249A0E /* Project object */;
}
